
<<<<<<< HEAD
Microsoft Visual Studio Solution File, Format Version 12.00
# Visual Studio 15
=======
Microsoft Visual Studio Solution File, Format Version 11.00
# Visual Studio 2010
>>>>>>> weabner
Project("{FAE04EC0-301F-11D3-BF4B-00C04F79EFBC}") = "G2", "Assembly-CSharp.csproj", "{C3AC2CB6-192D-4077-8570-9A8383C61602}"
EndProject
Global
	GlobalSection(SolutionConfigurationPlatforms) = preSolution
		Debug|Any CPU = Debug|Any CPU
		Release|Any CPU = Release|Any CPU
	EndGlobalSection
	GlobalSection(ProjectConfigurationPlatforms) = postSolution
		{C3AC2CB6-192D-4077-8570-9A8383C61602}.Debug|Any CPU.ActiveCfg = Debug|Any CPU
		{C3AC2CB6-192D-4077-8570-9A8383C61602}.Debug|Any CPU.Build.0 = Debug|Any CPU
		{C3AC2CB6-192D-4077-8570-9A8383C61602}.Release|Any CPU.ActiveCfg = Release|Any CPU
		{C3AC2CB6-192D-4077-8570-9A8383C61602}.Release|Any CPU.Build.0 = Release|Any CPU
	EndGlobalSection
	GlobalSection(SolutionProperties) = preSolution
		HideSolutionNode = FALSE
	EndGlobalSection
	GlobalSection(MonoDevelopProperties) = preSolution
		StartupItem = Assembly-CSharp.csproj
	EndGlobalSection
EndGlobal
